
Microsoft Visual Studio Solution File, Format Version 12.00
# Visual Studio Version 17
VisualStudioVersion = 17.10.35122.118
MinimumVisualStudioVersion = 10.0.40219.1
Project("{8BC9CEB8-8B4A-11D0-8D11-00A0C91BC942}") = "ls", "ls\ls.vcxproj", "{9A8A9F94-7693-4003-B2EE-8366C57A09A2}"
EndProject
Project("{8BC9CEB8-8B4A-11D0-8D11-00A0C91BC942}") = "reboot", "reboot\rebootcommand\rebootcommand.vcxproj", "{88E7298B-ED96-4978-8496-9D9BEDE8DFFA}"
EndProject
Project("{8BC9CEB8-8B4A-11D0-8D11-00A0C91BC942}") = "clear", "clear\clear.vcxproj", "{7E15D99D-435A-4A74-AF73-C7FA6F548320}"
EndProject
Project("{8BC9CEB8-8B4A-11D0-8D11-00A0C91BC942}") = "cat", "cat\cat.vcxproj", "{31241EC7-CEC9-4A34-AE9C-D2256E19CABD}"
EndProject
Project("{8BC9CEB8-8B4A-11D0-8D11-00A0C91BC942}") = "mv", "mv\mv.vcxproj", "{1086E23A-D32C-4963-9FF2-0CA154349A98}"
EndProject
Project("{8BC9CEB8-8B4A-11D0-8D11-00A0C91BC942}") = "rmdir", "rmdir\rmdir.vcxproj", "{FF77BA5A-6AFE-4987-8C26-3C24C4D53EBE}"
EndProject
Global
	GlobalSection(SolutionConfigurationPlatforms) = preSolution
		Debug|x64 = Debug|x64
		Debug|x86 = Debug|x86
		Release|x64 = Release|x64
		Release|x86 = Release|x86
	EndGlobalSection
	GlobalSection(ProjectConfigurationPlatforms) = postSolution
		{9A8A9F94-7693-4003-B2EE-8366C57A09A2}.Debug|x64.ActiveCfg = Debug|x64
		{9A8A9F94-7693-4003-B2EE-8366C57A09A2}.Debug|x64.Build.0 = Debug|x64
		{9A8A9F94-7693-4003-B2EE-8366C57A09A2}.Debug|x86.ActiveCfg = Debug|Win32
		{9A8A9F94-7693-4003-B2EE-8366C57A09A2}.Debug|x86.Build.0 = Debug|Win32
		{9A8A9F94-7693-4003-B2EE-8366C57A09A2}.Release|x64.ActiveCfg = Release|x64
		{9A8A9F94-7693-4003-B2EE-8366C57A09A2}.Release|x64.Build.0 = Release|x64
		{9A8A9F94-7693-4003-B2EE-8366C57A09A2}.Release|x86.ActiveCfg = Release|Win32
		{9A8A9F94-7693-4003-B2EE-8366C57A09A2}.Release|x86.Build.0 = Release|Win32
		{88E7298B-ED96-4978-8496-9D9BEDE8DFFA}.Debug|x64.ActiveCfg = Debug|x64
		{88E7298B-ED96-4978-8496-9D9BEDE8DFFA}.Debug|x64.Build.0 = Debug|x64
		{88E7298B-ED96-4978-8496-9D9BEDE8DFFA}.Debug|x86.ActiveCfg = Debug|Win32
		{88E7298B-ED96-4978-8496-9D9BEDE8DFFA}.Debug|x86.Build.0 = Debug|Win32
		{88E7298B-ED96-4978-8496-9D9BEDE8DFFA}.Release|x64.ActiveCfg = Release|x64
		{88E7298B-ED96-4978-8496-9D9BEDE8DFFA}.Release|x64.Build.0 = Release|x64
		{88E7298B-ED96-4978-8496-9D9BEDE8DFFA}.Release|x86.ActiveCfg = Release|Win32
		{88E7298B-ED96-4978-8496-9D9BEDE8DFFA}.Release|x86.Build.0 = Release|Win32
		{7E15D99D-435A-4A74-AF73-C7FA6F548320}.Debug|x64.ActiveCfg = Debug|x64
		{7E15D99D-435A-4A74-AF73-C7FA6F548320}.Debug|x64.Build.0 = Debug|x64
		{7E15D99D-435A-4A74-AF73-C7FA6F548320}.Debug|x86.ActiveCfg = Debug|Win32
		{7E15D99D-435A-4A74-AF73-C7FA6F548320}.Debug|x86.Build.0 = Debug|Win32
		{7E15D99D-435A-4A74-AF73-C7FA6F548320}.Release|x64.ActiveCfg = Release|x64
		{7E15D99D-435A-4A74-AF73-C7FA6F548320}.Release|x64.Build.0 = Release|x64
		{7E15D99D-435A-4A74-AF73-C7FA6F548320}.Release|x86.ActiveCfg = Release|Win32
		{7E15D99D-435A-4A74-AF73-C7FA6F548320}.Release|x86.Build.0 = Release|Win32
		{31241EC7-CEC9-4A34-AE9C-D2256E19CABD}.Debug|x64.ActiveCfg = Debug|x64
		{31241EC7-CEC9-4A34-AE9C-D2256E19CABD}.Debug|x64.Build.0 = Debug|x64
		{31241EC7-CEC9-4A34-AE9C-D2256E19CABD}.Debug|x86.ActiveCfg = Debug|Win32
		{31241EC7-CEC9-4A34-AE9C-D2256E19CABD}.Debug|x86.Build.0 = Debug|Win32
		{31241EC7-CEC9-4A34-AE9C-D2256E19CABD}.Release|x64.ActiveCfg = Release|x64
		{31241EC7-CEC9-4A34-AE9C-D2256E19CABD}.Release|x64.Build.0 = Release|x64
		{31241EC7-CEC9-4A34-AE9C-D2256E19CABD}.Release|x86.ActiveCfg = Release|Win32
		{31241EC7-CEC9-4A34-AE9C-D2256E19CABD}.Release|x86.Build.0 = Release|Win32
		{1086E23A-D32C-4963-9FF2-0CA154349A98}.Debug|x64.ActiveCfg = Debug|x64
		{1086E23A-D32C-4963-9FF2-0CA154349A98}.Debug|x64.Build.0 = Debug|x64
		{1086E23A-D32C-4963-9FF2-0CA154349A98}.Debug|x86.ActiveCfg = Debug|Win32
		{1086E23A-D32C-4963-9FF2-0CA154349A98}.Debug|x86.Build.0 = Debug|Win32
		{1086E23A-D32C-4963-9FF2-0CA154349A98}.Release|x64.ActiveCfg = Release|x64
		{1086E23A-D32C-4963-9FF2-0CA154349A98}.Release|x64.Build.0 = Release|x64
		{1086E23A-D32C-4963-9FF2-0CA154349A98}.Release|x86.ActiveCfg = Release|Win32
		{1086E23A-D32C-4963-9FF2-0CA154349A98}.Release|x86.Build.0 = Release|Win32
		{FF77BA5A-6AFE-4987-8C26-3C24C4D53EBE}.Debug|x64.ActiveCfg = Debug|x64
		{FF77BA5A-6AFE-4987-8C26-3C24C4D53EBE}.Debug|x64.Build.0 = Debug|x64
		{FF77BA5A-6AFE-4987-8C26-3C24C4D53EBE}.Debug|x86.ActiveCfg = Debug|Win32
		{FF77BA5A-6AFE-4987-8C26-3C24C4D53EBE}.Debug|x86.Build.0 = Debug|Win32
		{FF77BA5A-6AFE-4987-8C26-3C24C4D53EBE}.Release|x64.ActiveCfg = Release|x64
		{FF77BA5A-6AFE-4987-8C26-3C24C4D53EBE}.Release|x64.Build.0 = Release|x64
		{FF77BA5A-6AFE-4987-8C26-3C24C4D53EBE}.Release|x86.ActiveCfg = Release|Win32
		{FF77BA5A-6AFE-4987-8C26-3C24C4D53EBE}.Release|x86.Build.0 = Release|Win32
	EndGlobalSection
	GlobalSection(SolutionProperties) = preSolution
		HideSolutionNode = FALSE
	EndGlobalSection
	GlobalSection(ExtensibilityGlobals) = postSolution
		SolutionGuid = {056D49E4-EBDA-40D6-8ABD-B93DFCB094C5}
	EndGlobalSection
EndGlobal
